---
lockfileVersion: 1
lockfileVendor: redhat
arches:
- arch: x86_64
  packages:
  - url: https://cdn-ubi.redhat.com/content/public/ubi/dist/ubi8/8/x86_64/baseos/os/Packages/l/libsemanage-2.9-12.el8_10.x86_64.rpm
    repoid: ubi-8-for-x86_64-baseos-rpms
    size: 173008
    checksum: sha256:70ba287f1cc36b1be6c197a3a754fbc1c37e6e6b6e1798c69b96f9174654c62d
    name: libsemanage
    evr: 2.9-12.el8_10
    sourcerpm: libsemanage-2.9-12.el8_10.src.rpm
  - url: https://cdn-ubi.redhat.com/content/public/ubi/dist/ubi8/8/x86_64/baseos/os/Packages/s/shadow-utils-4.6-23.el8_10.x86_64.rpm
    repoid: ubi-8-for-x86_64-baseos-rpms
    size: 1292212
    checksum: sha256:14c51c9595e5af1b0949b230b03fd83becd05560f6e380a737436246d267b9a5
    name: shadow-utils
    evr: 2:4.6-23.el8_10
    sourcerpm: shadow-utils-4.6-23.el8_10.src.rpm
  source: []
  module_metadata: []
